
Microsoft Visual Studio Solution File, Format Version 12.00
Project("{2150E333-8FDC-42A3-9474-1A3956D46DE8}") = "src", "src", "{47BA2381-0A2A-4A85-B196-57267BE00029}"
EndProject
Project("{2150E333-8FDC-42A3-9474-1A3956D46DE8}") = "Core", "Core", "{4DA9824F-7853-44AA-B078-8F3165F774E6}"
EndProject
Project("{FAE04EC0-301F-11D3-BF4B-00C04F79EFBC}") = "Domain", "src\Domain\Domain.csproj", "{D12EF1DC-D298-415B-AEF4-874586895067}"
EndProject
Project("{FAE04EC0-301F-11D3-BF4B-00C04F79EFBC}") = "Application", "src\Application\Application.csproj", "{D777495A-2386-43C2-8817-5FE55DD431E6}"
EndProject
Project("{2150E333-8FDC-42A3-9474-1A3956D46DE8}") = "Presention", "Presention", "{336E7C6B-983D-4DB6-9151-E1F09C52693D}"
EndProject
Project("{FAE04EC0-301F-11D3-BF4B-00C04F79EFBC}") = "WebApi", "src\WebApi\WebApi.csproj", "{A8D5134B-F68D-4F1C-8FC2-410D60C17B07}"
EndProject
Project("{2150E333-8FDC-42A3-9474-1A3956D46DE8}") = "Infrastructure", "Infrastructure", "{328B42E1-2AA5-4D46-833E-5D507FCDA9E1}"
EndProject
Project("{FAE04EC0-301F-11D3-BF4B-00C04F79EFBC}") = "Infrastructure", "src\Infrastructure\Infrastructure.csproj", "{2849ED35-EC07-4FC5-BFF3-195F0CD6C014}"
EndProject
Global
	GlobalSection(SolutionConfigurationPlatforms) = preSolution
		Debug|Any CPU = Debug|Any CPU
		Release|Any CPU = Release|Any CPU
	EndGlobalSection
	GlobalSection(NestedProjects) = preSolution
		{4DA9824F-7853-44AA-B078-8F3165F774E6} = {47BA2381-0A2A-4A85-B196-57267BE00029}
		{D12EF1DC-D298-415B-AEF4-874586895067} = {4DA9824F-7853-44AA-B078-8F3165F774E6}
		{D777495A-2386-43C2-8817-5FE55DD431E6} = {4DA9824F-7853-44AA-B078-8F3165F774E6}
		{336E7C6B-983D-4DB6-9151-E1F09C52693D} = {47BA2381-0A2A-4A85-B196-57267BE00029}
		{A8D5134B-F68D-4F1C-8FC2-410D60C17B07} = {336E7C6B-983D-4DB6-9151-E1F09C52693D}
		{328B42E1-2AA5-4D46-833E-5D507FCDA9E1} = {47BA2381-0A2A-4A85-B196-57267BE00029}
		{2849ED35-EC07-4FC5-BFF3-195F0CD6C014} = {328B42E1-2AA5-4D46-833E-5D507FCDA9E1}
	EndGlobalSection
	GlobalSection(ProjectConfigurationPlatforms) = postSolution
		{D12EF1DC-D298-415B-AEF4-874586895067}.Debug|Any CPU.ActiveCfg = Debug|Any CPU
		{D12EF1DC-D298-415B-AEF4-874586895067}.Debug|Any CPU.Build.0 = Debug|Any CPU
		{D12EF1DC-D298-415B-AEF4-874586895067}.Release|Any CPU.ActiveCfg = Release|Any CPU
		{D12EF1DC-D298-415B-AEF4-874586895067}.Release|Any CPU.Build.0 = Release|Any CPU
		{D777495A-2386-43C2-8817-5FE55DD431E6}.Debug|Any CPU.ActiveCfg = Debug|Any CPU
		{D777495A-2386-43C2-8817-5FE55DD431E6}.Debug|Any CPU.Build.0 = Debug|Any CPU
		{D777495A-2386-43C2-8817-5FE55DD431E6}.Release|Any CPU.ActiveCfg = Release|Any CPU
		{D777495A-2386-43C2-8817-5FE55DD431E6}.Release|Any CPU.Build.0 = Release|Any CPU
		{A8D5134B-F68D-4F1C-8FC2-410D60C17B07}.Debug|Any CPU.ActiveCfg = Debug|Any CPU
		{A8D5134B-F68D-4F1C-8FC2-410D60C17B07}.Debug|Any CPU.Build.0 = Debug|Any CPU
		{A8D5134B-F68D-4F1C-8FC2-410D60C17B07}.Release|Any CPU.ActiveCfg = Release|Any CPU
		{A8D5134B-F68D-4F1C-8FC2-410D60C17B07}.Release|Any CPU.Build.0 = Release|Any CPU
		{2849ED35-EC07-4FC5-BFF3-195F0CD6C014}.Debug|Any CPU.ActiveCfg = Debug|Any CPU
		{2849ED35-EC07-4FC5-BFF3-195F0CD6C014}.Debug|Any CPU.Build.0 = Debug|Any CPU
		{2849ED35-EC07-4FC5-BFF3-195F0CD6C014}.Release|Any CPU.ActiveCfg = Release|Any CPU
		{2849ED35-EC07-4FC5-BFF3-195F0CD6C014}.Release|Any CPU.Build.0 = Release|Any CPU
	EndGlobalSection
EndGlobal
